// !$*UTF8*$!
{
	archiveVersion = 1;
	classes = {
	};
	objectVersion = 56;
	objects = {

/* Begin PBXBuildFile section */
		3E10BB272A5845FE00882C1B /* to_do_listApp.swift in Sources */ = {isa = PBXBuildFile; fileRef = 3E10BB262A5845FE00882C1B /* to_do_listApp.swift */; };
		3E10BB292A5845FE00882C1B /* ContentView.swift in Sources */ = {isa = PBXBuildFile; fileRef = 3E10BB282A5845FE00882C1B /* ContentView.swift */; };
		3E10BB2B2A5845FF00882C1B /* Assets.xcassets in Resources */ = {isa = PBXBuildFile; fileRef = 3E10BB2A2A5845FF00882C1B /* Assets.xcassets */; };
		3E10BB2E2A5845FF00882C1B /* Preview Assets.xcassets in Resources */ = {isa = PBXBuildFile; fileRef = 3E10BB2D2A5845FF00882C1B /* Preview Assets.xcassets */; };
		3E3FFA142A629EA300CE4627 /* TodoListView.swift in Sources */ = {isa = PBXBuildFile; fileRef = 3E3FFA132A629EA300CE4627 /* TodoListView.swift */; };
		3E3FFA182A629EC900CE4627 /* TodoModel.swift in Sources */ = {isa = PBXBuildFile; fileRef = 3E3FFA172A629EC900CE4627 /* TodoModel.swift */; };
		3E3FFA1C2A629EE500CE4627 /* TodoViewModel.swift in Sources */ = {isa = PBXBuildFile; fileRef = 3E3FFA1B2A629EE500CE4627 /* TodoViewModel.swift */; };
		3E3FFA1F2A62A00400CE4627 /* ListRowView.swift in Sources */ = {isa = PBXBuildFile; fileRef = 3E3FFA1E2A62A00400CE4627 /* ListRowView.swift */; };
		3E3FFA212A62A4D500CE4627 /* AddTaskView.swift in Sources */ = {isa = PBXBuildFile; fileRef = 3E3FFA202A62A4D500CE4627 /* AddTaskView.swift */; };
		3E3FFA232A62A9B700CE4627 /* TextArea.swift in Sources */ = {isa = PBXBuildFile; fileRef = 3E3FFA222A62A9B700CE4627 /* TextArea.swift */; };
/* End PBXBuildFile section */

/* Begin PBXFileReference section */
		3E10BB232A5845FE00882C1B /* to-do-list.app */ = {isa = PBXFileReference; explicitFileType = wrapper.application; includeInIndex = 0; path = "to-do-list.app"; sourceTree = BUILT_PRODUCTS_DIR; };
		3E10BB262A5845FE00882C1B /* to_do_listApp.swift */ = {isa = PBXFileReference; lastKnownFileType = sourcecode.swift; path = to_do_listApp.swift; sourceTree = "<group>"; };
		3E10BB282A5845FE00882C1B /* ContentView.swift */ = {isa = PBXFileReference; lastKnownFileType = sourcecode.swift; path = ContentView.swift; sourceTree = "<group>"; };
		3E10BB2A2A5845FF00882C1B /* Assets.xcassets */ = {isa = PBXFileReference; lastKnownFileType = folder.assetcatalog; path = Assets.xcassets; sourceTree = "<group>"; };
		3E10BB2D2A5845FF00882C1B /* Preview Assets.xcassets */ = {isa = PBXFileReference; lastKnownFileType = folder.assetcatalog; path = "Preview Assets.xcassets"; sourceTree = "<group>"; };
		3E3FFA132A629EA300CE4627 /* TodoListView.swift */ = {isa = PBXFileReference; lastKnownFileType = sourcecode.swift; path = TodoListView.swift; sourceTree = "<group>"; };
		3E3FFA172A629EC900CE4627 /* TodoModel.swift */ = {isa = PBXFileReference; lastKnownFileType = sourcecode.swift; path = TodoModel.swift; sourceTree = "<group>"; };
		3E3FFA1B2A629EE500CE4627 /* TodoViewModel.swift */ = {isa = PBXFileReference; lastKnownFileType = sourcecode.swift; path = TodoViewModel.swift; sourceTree = "<group>"; };
		3E3FFA1E2A62A00400CE4627 /* ListRowView.swift */ = {isa = PBXFileReference; lastKnownFileType = sourcecode.swift; path = ListRowView.swift; sourceTree = "<group>"; };
		3E3FFA202A62A4D500CE4627 /* AddTaskView.swift */ = {isa = PBXFileReference; lastKnownFileType = sourcecode.swift; path = AddTaskView.swift; sourceTree = "<group>"; };
		3E3FFA222A62A9B700CE4627 /* TextArea.swift */ = {isa = PBXFileReference; lastKnownFileType = sourcecode.swift; path = TextArea.swift; sourceTree = "<group>"; };
/* End PBXFileReference section */

/* Begin PBXFrameworksBuildPhase section */
		3E10BB202A5845FE00882C1B /* Frameworks */ = {
			isa = PBXFrameworksBuildPhase;
			buildActionMask = 2147483647;
			files = (
			);
			runOnlyForDeploymentPostprocessing = 0;
		};
/* End PBXFrameworksBuildPhase section */

/* Begin PBXGroup section */
		3E10BB1A2A5845FE00882C1B = {
			isa = PBXGroup;
			children = (
				3E10BB252A5845FE00882C1B /* to-do-list */,
				3E10BB242A5845FE00882C1B /* Products */,
			);
			sourceTree = "<group>";
		};
		3E10BB242A5845FE00882C1B /* Products */ = {
			isa = PBXGroup;
			children = (
				3E10BB232A5845FE00882C1B /* to-do-list.app */,
			);
			name = Products;
			sourceTree = "<group>";
		};
		3E10BB252A5845FE00882C1B /* to-do-list */ = {
			isa = PBXGroup;
			children = (
				3E3FFA1D2A629FF200CE4627 /* Component */,
				3E3FFA192A629ECE00CE4627 /* New Group */,
				3E3FFA152A629EAC00CE4627 /* Model */,
				3E3FFA122A629E9400CE4627 /* Views */,
				3E10BB262A5845FE00882C1B /* to_do_listApp.swift */,
				3E10BB282A5845FE00882C1B /* ContentView.swift */,
				3E10BB2A2A5845FF00882C1B /* Assets.xcassets */,
				3E10BB2C2A5845FF00882C1B /* Preview Content */,
			);
			path = "to-do-list";
			sourceTree = "<group>";
		};
		3E10BB2C2A5845FF00882C1B /* Preview Content */ = {
			isa = PBXGroup;
			children = (
				3E10BB2D2A5845FF00882C1B /* Preview Assets.xcassets */,
			);
			path = "Preview Content";
			sourceTree = "<group>";
		};
		3E3FFA122A629E9400CE4627 /* Views */ = {
			isa = PBXGroup;
			children = (
				3E3FFA1A2A629ED700CE4627 /* ViewModel */,
				3E3FFA132A629EA300CE4627 /* TodoListView.swift */,
				3E3FFA202A62A4D500CE4627 /* AddTaskView.swift */,
			);
			path = Views;
			sourceTree = "<group>";
		};
		3E3FFA152A629EAC00CE4627 /* Model */ = {
			isa = PBXGroup;
			children = (
				3E3FFA172A629EC900CE4627 /* TodoModel.swift */,
			);
			path = Model;
			sourceTree = "<group>";
		};
		3E3FFA192A629ECE00CE4627 /* New Group */ = {
			isa = PBXGroup;
			children = (
			);
			path = "New Group";
			sourceTree = "<group>";
		};
		3E3FFA1A2A629ED700CE4627 /* ViewModel */ = {
			isa = PBXGroup;
			children = (
				3E3FFA1B2A629EE500CE4627 /* TodoViewModel.swift */,
			);
			path = ViewModel;
			sourceTree = "<group>";
		};
		3E3FFA1D2A629FF200CE4627 /* Component */ = {
			isa = PBXGroup;
			children = (
				3E3FFA1E2A62A00400CE4627 /* ListRowView.swift */,
				3E3FFA222A62A9B700CE4627 /* TextArea.swift */,
			);
			path = Component;
			sourceTree = "<group>";
		};
/* End PBXGroup section */

/* Begin PBXNativeTarget section */
		3E10BB222A5845FE00882C1B /* to-do-list */ = {
			isa = PBXNativeTarget;
			buildConfigurationList = 3E10BB312A5845FF00882C1B /* Build configuration list for PBXNativeTarget "to-do-list" */;
			buildPhases = (
				3E10BB1F2A5845FE00882C1B /* Sources */,
				3E10BB202A5845FE00882C1B /* Frameworks */,
				3E10BB212A5845FE00882C1B /* Resources */,
			);
			buildRules = (
			);
			dependencies = (
			);
			name = "to-do-list";
			productName = "to-do-list";
			productReference = 3E10BB232A5845FE00882C1B /* to-do-list.app */;
			productType = "com.apple.product-type.application";
		};
/* End PBXNativeTarget section */

/* Begin PBXProject section */
		3E10BB1B2A5845FE00882C1B /* Project object */ = {
			isa = PBXProject;
			attributes = {
				BuildIndependentTargetsInParallel = 1;
				LastSwiftUpdateCheck = 1430;
				LastUpgradeCheck = 1430;
				TargetAttributes = {
					3E10BB222A5845FE00882C1B = {
						CreatedOnToolsVersion = 14.3;
					};
				};
			};
			buildConfigurationList = 3E10BB1E2A5845FE00882C1B /* Build configuration list for PBXProject "to-do-list" */;
			compatibilityVersion = "Xcode 14.0";
			developmentRegion = en;
			hasScannedForEncodings = 0;
			knownRegions = (
				en,
				Base,
			);
			mainGroup = 3E10BB1A2A5845FE00882C1B;
			productRefGroup = 3E10BB242A5845FE00882C1B /* Products */;
			projectDirPath = "";
			projectRoot = "";
			targets = (
				3E10BB222A5845FE00882C1B /* to-do-list */,
			);
		};
/* End PBXProject section */

/* Begin PBXResourcesBuildPhase section */
		3E10BB212A5845FE00882C1B /* Resources */ = {
			isa = PBXResourcesBuildPhase;
			buildActionMask = 2147483647;
			files = (
				3E10BB2E2A5845FF00882C1B /* Preview Assets.xcassets in Resources */,
				3E10BB2B2A5845FF00882C1B /* Assets.xcassets in Resources */,
			);
			runOnlyForDeploymentPostprocessing = 0;
		};
/* End PBXResourcesBuildPhase section */

/* Begin PBXSourcesBuildPhase section */
		3E10BB1F2A5845FE00882C1B /* Sources */ = {
			isa = PBXSourcesBuildPhase;
			buildActionMask = 2147483647;
			files = (
				3E10BB292A5845FE00882C1B /* ContentView.swift in Sources */,
				3E3FFA212A62A4D500CE4627 /* AddTaskView.swift in Sources */,
				3E3FFA182A629EC900CE4627 /* TodoModel.swift in Sources */,
				3E10BB272A5845FE00882C1B /* to_do_listApp.swift in Sources */,
				3E3FFA1C2A629EE500CE4627 /* TodoViewModel.swift in Sources */,
				3E3FFA142A629EA300CE4627 /* TodoListView.swift in Sources */,
				3E3FFA1F2A62A00400CE4627 /* ListRowView.swift in Sources */,
				3E3FFA232A62A9B700CE4627 /* TextArea.swift in Sources */,
			);
			runOnlyForDeploymentPostprocessing = 0;
		};
/* End PBXSourcesBuildPhase section */

/* Begin XCBuildConfiguration section */
		3E10BB2F2A5845FF00882C1B /* Debug */ = {
			isa = XCBuildConfiguration;
			buildSettings = {
				ALWAYS_SEARCH_USER_PATHS = NO;
				CLANG_ANALYZER_NONNULL = YES;
				CLANG_ANALYZER_NUMBER_OBJECT_CONVERSION = YES_AGGRESSIVE;
				CLANG_CXX_LANGUAGE_STANDARD = "gnu++20";
				CLANG_ENABLE_MODULES = YES;
				CLANG_ENABLE_OBJC_ARC = YES;
				CLANG_ENABLE_OBJC_WEAK = YES;
				CLANG_WARN_BLOCK_CAPTURE_AUTORELEASING = YES;
				CLANG_WARN_BOOL_CONVERSION = YES;
				CLANG_WARN_COMMA = YES;
				CLANG_WARN_CONSTANT_CONVERSION = YES;
				CLANG_WARN_DEPRECATED_OBJC_IMPLEMENTATIONS = YES;
				CLANG_WARN_DIRECT_OBJC_ISA_USAGE = YES_ERROR;
				CLANG_WARN_DOCUMENTATION_COMMENTS = YES;
				CLANG_WARN_EMPTY_BODY = YES;
				CLANG_WARN_ENUM_CONVERSION = YES;
				CLANG_WARN_INFINITE_RECURSION = YES;
				CLANG_WARN_INT_CONVERSION = YES;
				CLANG_WARN_NON_LITERAL_NULL_CONVERSION = YES;
				CLANG_WARN_OBJC_IMPLICIT_RETAIN_SELF = YES;
				CLANG_WARN_OBJC_LITERAL_CONVERSION = YES;
				CLANG_WARN_OBJC_ROOT_CLASS = YES_ERROR;
				CLANG_WARN_QUOTED_INCLUDE_IN_FRAMEWORK_HEADER = YES;
				CLANG_WARN_RANGE_LOOP_ANALYSIS = YES;
				CLANG_WARN_STRICT_PROTOTYPES = YES;
				CLANG_WARN_SUSPICIOUS_MOVE = YES;
				CLANG_WARN_UNGUARDED_AVAILABILITY = YES_AGGRESSIVE;
				CLANG_WARN_UNREACHABLE_CODE = YES;
				CLANG_WARN__DUPLICATE_METHOD_MATCH = YES;
				COPY_PHASE_STRIP = NO;
				DEBUG_INFORMATION_FORMAT = dwarf;
				ENABLE_STRICT_OBJC_MSGSEND = YES;
				ENABLE_TESTABILITY = YES;
				GCC_C_LANGUAGE_STANDARD = gnu11;
				GCC_DYNAMIC_NO_PIC = NO;
				GCC_NO_COMMON_BLOCKS = YES;
				GCC_OPTIMIZATION_LEVEL = 0;
				GCC_PREPROCESSOR_DEFINITIONS = (
					"DEBUG=1",
					"$(inherited)",
				);
				GCC_WARN_64_TO_32_BIT_CONVERSION = YES;
				GCC_WARN_ABOUT_RETURN_TYPE = YES_ERROR;
				GCC_WARN_UNDECLARED_SELECTOR = YES;
				GCC_WARN_UNINITIALIZED_AUTOS = YES_AGGRESSIVE;
				GCC_WARN_UNUSED_FUNCTION = YES;
				GCC_WARN_UNUSED_VARIABLE = YES;
				IPHONEOS_DEPLOYMENT_TARGET = 16.4;
				MTL_ENABLE_DEBUG_INFO = INCLUDE_SOURCE;
				MTL_FAST_MATH = YES;
				ONLY_ACTIVE_ARCH = YES;
				SDKROOT = iphoneos;
				SWIFT_ACTIVE_COMPILATION_CONDITIONS = DEBUG;
				SWIFT_OPTIMIZATION_LEVEL = "-Onone";
			};
			name = Debug;
		};
		3E10BB302A5845FF00882C1B /* Release */ = {
			isa = XCBuildConfiguration;
			buildSettings = {
				ALWAYS_SEARCH_USER_PATHS = NO;
				CLANG_ANALYZER_NONNULL = YES;
				CLANG_ANALYZER_NUMBER_OBJECT_CONVERSION = YES_AGGRESSIVE;
				CLANG_CXX_LANGUAGE_STANDARD = "gnu++20";
				CLANG_ENABLE_MODULES = YES;
				CLANG_ENABLE_OBJC_ARC = YES;
				CLANG_ENABLE_OBJC_WEAK = YES;
				CLANG_WARN_BLOCK_CAPTURE_AUTORELEASING = YES;
				CLANG_WARN_BOOL_CONVERSION = YES;
				CLANG_WARN_COMMA = YES;
				CLANG_WARN_CONSTANT_CONVERSION = YES;
				CLANG_WARN_DEPRECATED_OBJC_IMPLEMENTATIONS = YES;
				CLANG_WARN_DIRECT_OBJC_ISA_USAGE = YES_ERROR;
				CLANG_WARN_DOCUMENTATION_COMMENTS = YES;
				CLANG_WARN_EMPTY_BODY = YES;
				CLANG_WARN_ENUM_CONVERSION = YES;
				CLANG_WARN_INFINITE_RECURSION = YES;
				CLANG_WARN_INT_CONVERSION = YES;
				CLANG_WARN_NON_LITERAL_NULL_CONVERSION = YES;
				CLANG_WARN_OBJC_IMPLICIT_RETAIN_SELF = YES;
				CLANG_WARN_OBJC_LITERAL_CONVERSION = YES;
				CLANG_WARN_OBJC_ROOT_CLASS = YES_ERROR;
				CLANG_WARN_QUOTED_INCLUDE_IN_FRAMEWORK_HEADER = YES;
				CLANG_WARN_RANGE_LOOP_ANALYSIS = YES;
				CLANG_WARN_STRICT_PROTOTYPES = YES;
				CLANG_WARN_SUSPICIOUS_MOVE = YES;
				CLANG_WARN_UNGUARDED_AVAILABILITY = YES_AGGRESSIVE;
				CLANG_WARN_UNREACHABLE_CODE = YES;
				CLANG_WARN__DUPLICATE_METHOD_MATCH = YES;
				COPY_PHASE_STRIP = NO;
				DEBUG_INFORMATION_FORMAT = "dwarf-with-dsym";
				ENABLE_NS_ASSERTIONS = NO;
				ENABLE_STRICT_OBJC_MSGSEND = YES;
				GCC_C_LANGUAGE_STANDARD = gnu11;
				GCC_NO_COMMON_BLOCKS = YES;
				GCC_WARN_64_TO_32_BIT_CONVERSION = YES;
				GCC_WARN_ABOUT_RETURN_TYPE = YES_ERROR;
				GCC_WARN_UNDECLARED_SELECTOR = YES;
				GCC_WARN_UNINITIALIZED_AUTOS = YES_AGGRESSIVE;
				GCC_WARN_UNUSED_FUNCTION = YES;
				GCC_WARN_UNUSED_VARIABLE = YES;
				IPHONEOS_DEPLOYMENT_TARGET = 16.4;
				MTL_ENABLE_DEBUG_INFO = NO;
				MTL_FAST_MATH = YES;
				SDKROOT = iphoneos;
				SWIFT_COMPILATION_MODE = wholemodule;
				SWIFT_OPTIMIZATION_LEVEL = "-O";
				VALIDATE_PRODUCT = YES;
			};
			name = Release;
		};
		3E10BB322A5845FF00882C1B /* Debug */ = {
			isa = XCBuildConfiguration;
			buildSettings = {
				ASSETCATALOG_COMPILER_APPICON_NAME = AppIcon;
				ASSETCATALOG_COMPILER_GLOBAL_ACCENT_COLOR_NAME = AccentColor;
				CODE_SIGN_STYLE = Automatic;
				CURRENT_PROJECT_VERSION = 1;
				DEVELOPMENT_ASSET_PATHS = "\"to-do-list/Preview Content\"";
				DEVELOPMENT_TEAM = KM6L8N2UZF;
				ENABLE_PREVIEWS = YES;
				GENERATE_INFOPLIST_FILE = YES;
				INFOPLIST_KEY_UIApplicationSceneManifest_Generation = YES;
				INFOPLIST_KEY_UIApplicationSupportsIndirectInputEvents = YES;
				INFOPLIST_KEY_UILaunchScreen_Generation = YES;
				INFOPLIST_KEY_UISupportedInterfaceOrientations_iPad = "UIInterfaceOrientationPortrait UIInterfaceOrientationPortraitUpsideDown UIInterfaceOrientationLandscapeLeft UIInterfaceOrientationLandscapeRight";
				INFOPLIST_KEY_UISupportedInterfaceOrientations_iPhone = "UIInterfaceOrientationPortrait UIInterfaceOrientationLandscapeLeft UIInterfaceOrientationLandscapeRight";
				LD_RUNPATH_SEARCH_PATHS = (
					"$(inherited)",
					"@executable_path/Frameworks",
				);
				MARKETING_VERSION = 1.0;
				PRODUCT_BUNDLE_IDENTIFIER = "example.com.to-do-list";
				PRODUCT_NAME = "$(TARGET_NAME)";
				SWIFT_EMIT_LOC_STRINGS = YES;
				SWIFT_VERSION = 5.0;
				TARGETED_DEVICE_FAMILY = "1,2";
			};
			name = Debug;
		};
		3E10BB332A5845FF00882C1B /* Release */ = {
			isa = XCBuildConfiguration;
			buildSettings = {
				ASSETCATALOG_COMPILER_APPICON_NAME = AppIcon;
				ASSETCATALOG_COMPILER_GLOBAL_ACCENT_COLOR_NAME = AccentColor;
				CODE_SIGN_STYLE = Automatic;
				CURRENT_PROJECT_VERSION = 1;
				DEVELOPMENT_ASSET_PATHS = "\"to-do-list/Preview Content\"";
				DEVELOPMENT_TEAM = KM6L8N2UZF;
				ENABLE_PREVIEWS = YES;
				GENERATE_INFOPLIST_FILE = YES;
				INFOPLIST_KEY_UIApplicationSceneManifest_Generation = YES;
				INFOPLIST_KEY_UIApplicationSupportsIndirectInputEvents = YES;
				INFOPLIST_KEY_UILaunchScreen_Generation = YES;
				INFOPLIST_KEY_UISupportedInterfaceOrientations_iPad = "UIInterfaceOrientationPortrait UIInterfaceOrientationPortraitUpsideDown UIInterfaceOrientationLandscapeLeft UIInterfaceOrientationLandscapeRight";
				INFOPLIST_KEY_UISupportedInterfaceOrientations_iPhone = "UIInterfaceOrientationPortrait UIInterfaceOrientationLandscapeLeft UIInterfaceOrientationLandscapeRight";
				LD_RUNPATH_SEARCH_PATHS = (
					"$(inherited)",
					"@executable_path/Frameworks",
				);
				MARKETING_VERSION = 1.0;
				PRODUCT_BUNDLE_IDENTIFIER = "example.com.to-do-list";
				PRODUCT_NAME = "$(TARGET_NAME)";
				SWIFT_EMIT_LOC_STRINGS = YES;
				SWIFT_VERSION = 5.0;
				TARGETED_DEVICE_FAMILY = "1,2";
			};
			name = Release;
		};
/* End XCBuildConfiguration section */

/* Begin XCConfigurationList section */
		3E10BB1E2A5845FE00882C1B /* Build configuration list for PBXProject "to-do-list" */ = {
			isa = XCConfigurationList;
			buildConfigurations = (
				3E10BB2F2A5845FF00882C1B /* Debug */,
				3E10BB302A5845FF00882C1B /* Release */,
			);
			defaultConfigurationIsVisible = 0;
			defaultConfigurationName = Release;
		};
		3E10BB312A5845FF00882C1B /* Build configuration list for PBXNativeTarget "to-do-list" */ = {
			isa = XCConfigurationList;
			buildConfigurations = (
				3E10BB322A5845FF00882C1B /* Debug */,
				3E10BB332A5845FF00882C1B /* Release */,
			);
			defaultConfigurationIsVisible = 0;
			defaultConfigurationName = Release;
		};
/* End XCConfigurationList section */
	};
	rootObject = 3E10BB1B2A5845FE00882C1B /* Project object */;
}
